
Microsoft Visual Studio Solution File, Format Version 10.00
# Visual Studio 2008
Project("{FAE04EC0-301F-11D3-BF4B-00C04F79EFBC}") = "FizzBuzz", "FizzBuzz\FizzBuzz.csproj", "{6A2E2B97-F357-4BAC-B478-955F69E05BEC}"
EndProject
Project("{FAE04EC0-301F-11D3-BF4B-00C04F79EFBC}") = "FizzBuzz.Tests", "FizzBuzz.Tests\FizzBuzz.Tests.csproj", "{8AEDA618-8DB6-4383-9E6B-6029979B49DB}"
EndProject
Project("{2150E333-8FDC-42A3-9474-1A3956D46DE8}") = "Lib", "Lib", "{F36E6080-767B-45E8-AD2E-A73646B6CC70}"
	ProjectSection(SolutionItems) = preProject
		Lib\nunit.framework.dll = Lib\nunit.framework.dll
	EndProjectSection
EndProject
Global
	GlobalSection(SolutionConfigurationPlatforms) = preSolution
		Debug|Any CPU = Debug|Any CPU
		Release|Any CPU = Release|Any CPU
	EndGlobalSection
	GlobalSection(ProjectConfigurationPlatforms) = postSolution
		{6A2E2B97-F357-4BAC-B478-955F69E05BEC}.Debug|Any CPU.ActiveCfg = Debug|Any CPU
		{6A2E2B97-F357-4BAC-B478-955F69E05BEC}.Debug|Any CPU.Build.0 = Debug|Any CPU
		{6A2E2B97-F357-4BAC-B478-955F69E05BEC}.Release|Any CPU.ActiveCfg = Release|Any CPU
		{6A2E2B97-F357-4BAC-B478-955F69E05BEC}.Release|Any CPU.Build.0 = Release|Any CPU
		{8AEDA618-8DB6-4383-9E6B-6029979B49DB}.Debug|Any CPU.ActiveCfg = Debug|Any CPU
		{8AEDA618-8DB6-4383-9E6B-6029979B49DB}.Debug|Any CPU.Build.0 = Debug|Any CPU
		{8AEDA618-8DB6-4383-9E6B-6029979B49DB}.Release|Any CPU.ActiveCfg = Release|Any CPU
		{8AEDA618-8DB6-4383-9E6B-6029979B49DB}.Release|Any CPU.Build.0 = Release|Any CPU
	EndGlobalSection
	GlobalSection(SolutionProperties) = preSolution
		HideSolutionNode = FALSE
	EndGlobalSection
EndGlobal
